
Microsoft Visual Studio Solution File, Format Version 12.00
Project("{FAE04EC0-301F-11D3-BF4B-00C04F79EFBC}") = "PackageLockDependent", "PackageLockDependent\PackageLockDependent.csproj", "{FAD4E879-D1B1-4013-86A9-C1F755D6CB32}"
EndProject
Project("{FAE04EC0-301F-11D3-BF4B-00C04F79EFBC}") = "Dependency", "Dependency\Dependency.csproj", "{B23D2BA3-831C-42FB-BF46-C8F75DEF6924}"
EndProject
Global
	GlobalSection(SolutionConfigurationPlatforms) = preSolution
		Debug|Any CPU = Debug|Any CPU
		Release|Any CPU = Release|Any CPU
	EndGlobalSection
	GlobalSection(ProjectConfigurationPlatforms) = postSolution
		{FAD4E879-D1B1-4013-86A9-C1F755D6CB32}.Debug|Any CPU.ActiveCfg = Debug|Any CPU
		{FAD4E879-D1B1-4013-86A9-C1F755D6CB32}.Debug|Any CPU.Build.0 = Debug|Any CPU
		{FAD4E879-D1B1-4013-86A9-C1F755D6CB32}.Release|Any CPU.ActiveCfg = Release|Any CPU
		{FAD4E879-D1B1-4013-86A9-C1F755D6CB32}.Release|Any CPU.Build.0 = Release|Any CPU
		{B23D2BA3-831C-42FB-BF46-C8F75DEF6924}.Debug|Any CPU.ActiveCfg = Debug|Any CPU
		{B23D2BA3-831C-42FB-BF46-C8F75DEF6924}.Debug|Any CPU.Build.0 = Debug|Any CPU
		{B23D2BA3-831C-42FB-BF46-C8F75DEF6924}.Release|Any CPU.ActiveCfg = Release|Any CPU
		{B23D2BA3-831C-42FB-BF46-C8F75DEF6924}.Release|Any CPU.Build.0 = Release|Any CPU
	EndGlobalSection
EndGlobal
